// !$*UTF8*$!
{
	archiveVersion = 1;
	classes = {
	};
	objectVersion = 46;
	objects = {

/* Begin PBXBuildFile section */
		6FE8106D1C0AA35300B1ABA8 /* AppDelegate.swift in Sources */ = {isa = PBXBuildFile; fileRef = 6FE8106C1C0AA35300B1ABA8 /* AppDelegate.swift */; };
		6FE8106F1C0AA35300B1ABA8 /* ViewController.swift in Sources */ = {isa = PBXBuildFile; fileRef = 6FE8106E1C0AA35300B1ABA8 /* ViewController.swift */; };
		6FE810721C0AA35300B1ABA8 /* Main.storyboard in Resources */ = {isa = PBXBuildFile; fileRef = 6FE810701C0AA35300B1ABA8 /* Main.storyboard */; };
		6FE810751C0AA35300B1ABA8 /* StudyLoop.xcdatamodeld in Sources */ = {isa = PBXBuildFile; fileRef = 6FE810731C0AA35300B1ABA8 /* StudyLoop.xcdatamodeld */; };
		6FE810771C0AA35300B1ABA8 /* Assets.xcassets in Resources */ = {isa = PBXBuildFile; fileRef = 6FE810761C0AA35300B1ABA8 /* Assets.xcassets */; };
		6FE8107A1C0AA35300B1ABA8 /* LaunchScreen.storyboard in Resources */ = {isa = PBXBuildFile; fileRef = 6FE810781C0AA35300B1ABA8 /* LaunchScreen.storyboard */; };
		6FE810851C0AA35300B1ABA8 /* StudyLoopTests.swift in Sources */ = {isa = PBXBuildFile; fileRef = 6FE810841C0AA35300B1ABA8 /* StudyLoopTests.swift */; };
		6FE810901C0AA35300B1ABA8 /* StudyLoopUITests.swift in Sources */ = {isa = PBXBuildFile; fileRef = 6FE8108F1C0AA35300B1ABA8 /* StudyLoopUITests.swift */; };
/* End PBXBuildFile section */

/* Begin PBXContainerItemProxy section */
		6FE810811C0AA35300B1ABA8 /* PBXContainerItemProxy */ = {
			isa = PBXContainerItemProxy;
			containerPortal = 6FE810611C0AA35300B1ABA8 /* Project object */;
			proxyType = 1;
			remoteGlobalIDString = 6FE810681C0AA35300B1ABA8;
			remoteInfo = StudyLoop;
		};
		6FE8108C1C0AA35300B1ABA8 /* PBXContainerItemProxy */ = {
			isa = PBXContainerItemProxy;
			containerPortal = 6FE810611C0AA35300B1ABA8 /* Project object */;
			proxyType = 1;
			remoteGlobalIDString = 6FE810681C0AA35300B1ABA8;
			remoteInfo = StudyLoop;
		};
/* End PBXContainerItemProxy section */

/* Begin PBXFileReference section */
		6FE810691C0AA35300B1ABA8 /* StudyLoop.app */ = {isa = PBXFileReference; explicitFileType = wrapper.application; includeInIndex = 0; path = StudyLoop.app; sourceTree = BUILT_PRODUCTS_DIR; };
		6FE8106C1C0AA35300B1ABA8 /* AppDelegate.swift */ = {isa = PBXFileReference; lastKnownFileType = sourcecode.swift; path = AppDelegate.swift; sourceTree = "<group>"; };
		6FE8106E1C0AA35300B1ABA8 /* ViewController.swift */ = {isa = PBXFileReference; lastKnownFileType = sourcecode.swift; path = ViewController.swift; sourceTree = "<group>"; };
		6FE810711C0AA35300B1ABA8 /* Base */ = {isa = PBXFileReference; lastKnownFileType = file.storyboard; name = Base; path = Base.lproj/Main.storyboard; sourceTree = "<group>"; };
		6FE810741C0AA35300B1ABA8 /* StudyLoop.xcdatamodel */ = {isa = PBXFileReference; lastKnownFileType = wrapper.xcdatamodel; path = StudyLoop.xcdatamodel; sourceTree = "<group>"; };
		6FE810761C0AA35300B1ABA8 /* Assets.xcassets */ = {isa = PBXFileReference; lastKnownFileType = folder.assetcatalog; path = Assets.xcassets; sourceTree = "<group>"; };
		6FE810791C0AA35300B1ABA8 /* Base */ = {isa = PBXFileReference; lastKnownFileType = file.storyboard; name = Base; path = Base.lproj/LaunchScreen.storyboard; sourceTree = "<group>"; };
		6FE8107B1C0AA35300B1ABA8 /* Info.plist */ = {isa = PBXFileReference; lastKnownFileType = text.plist.xml; path = Info.plist; sourceTree = "<group>"; };
		6FE810801C0AA35300B1ABA8 /* StudyLoopTests.xctest */ = {isa = PBXFileReference; explicitFileType = wrapper.cfbundle; includeInIndex = 0; path = StudyLoopTests.xctest; sourceTree = BUILT_PRODUCTS_DIR; };
		6FE810841C0AA35300B1ABA8 /* StudyLoopTests.swift */ = {isa = PBXFileReference; lastKnownFileType = sourcecode.swift; path = StudyLoopTests.swift; sourceTree = "<group>"; };
		6FE810861C0AA35300B1ABA8 /* Info.plist */ = {isa = PBXFileReference; lastKnownFileType = text.plist.xml; path = Info.plist; sourceTree = "<group>"; };
		6FE8108B1C0AA35300B1ABA8 /* StudyLoopUITests.xctest */ = {isa = PBXFileReference; explicitFileType = wrapper.cfbundle; includeInIndex = 0; path = StudyLoopUITests.xctest; sourceTree = BUILT_PRODUCTS_DIR; };
		6FE8108F1C0AA35300B1ABA8 /* StudyLoopUITests.swift */ = {isa = PBXFileReference; lastKnownFileType = sourcecode.swift; path = StudyLoopUITests.swift; sourceTree = "<group>"; };
		6FE810911C0AA35300B1ABA8 /* Info.plist */ = {isa = PBXFileReference; lastKnownFileType = text.plist.xml; path = Info.plist; sourceTree = "<group>"; };
/* End PBXFileReference section */

/* Begin PBXFrameworksBuildPhase section */
		6FE810661C0AA35300B1ABA8 /* Frameworks */ = {
			isa = PBXFrameworksBuildPhase;
			buildActionMask = 2147483647;
			files = (
			);
			runOnlyForDeploymentPostprocessing = 0;
		};
		6FE8107D1C0AA35300B1ABA8 /* Frameworks */ = {
			isa = PBXFrameworksBuildPhase;
			buildActionMask = 2147483647;
			files = (
			);
			runOnlyForDeploymentPostprocessing = 0;
		};
		6FE810881C0AA35300B1ABA8 /* Frameworks */ = {
			isa = PBXFrameworksBuildPhase;
			buildActionMask = 2147483647;
			files = (
			);
			runOnlyForDeploymentPostprocessing = 0;
		};
/* End PBXFrameworksBuildPhase section */

/* Begin PBXGroup section */
		6FE810601C0AA35300B1ABA8 = {
			isa = PBXGroup;
			children = (
				6FE8106B1C0AA35300B1ABA8 /* StudyLoop */,
				6FE810831C0AA35300B1ABA8 /* StudyLoopTests */,
				6FE8108E1C0AA35300B1ABA8 /* StudyLoopUITests */,
				6FE8106A1C0AA35300B1ABA8 /* Products */,
			);
			sourceTree = "<group>";
		};
		6FE8106A1C0AA35300B1ABA8 /* Products */ = {
			isa = PBXGroup;
			children = (
				6FE810691C0AA35300B1ABA8 /* StudyLoop.app */,
				6FE810801C0AA35300B1ABA8 /* StudyLoopTests.xctest */,
				6FE8108B1C0AA35300B1ABA8 /* StudyLoopUITests.xctest */,
			);
			name = Products;
			sourceTree = "<group>";
		};
		6FE8106B1C0AA35300B1ABA8 /* StudyLoop */ = {
			isa = PBXGroup;
			children = (
				6FE8106C1C0AA35300B1ABA8 /* AppDelegate.swift */,
				6FE8106E1C0AA35300B1ABA8 /* ViewController.swift */,
				6FE810701C0AA35300B1ABA8 /* Main.storyboard */,
				6FE810761C0AA35300B1ABA8 /* Assets.xcassets */,
				6FE810781C0AA35300B1ABA8 /* LaunchScreen.storyboard */,
				6FE8107B1C0AA35300B1ABA8 /* Info.plist */,
				6FE810731C0AA35300B1ABA8 /* StudyLoop.xcdatamodeld */,
			);
			path = StudyLoop;
			sourceTree = "<group>";
		};
		6FE810831C0AA35300B1ABA8 /* StudyLoopTests */ = {
			isa = PBXGroup;
			children = (
				6FE810841C0AA35300B1ABA8 /* StudyLoopTests.swift */,
				6FE810861C0AA35300B1ABA8 /* Info.plist */,
			);
			path = StudyLoopTests;
			sourceTree = "<group>";
		};
		6FE8108E1C0AA35300B1ABA8 /* StudyLoopUITests */ = {
			isa = PBXGroup;
			children = (
				6FE8108F1C0AA35300B1ABA8 /* StudyLoopUITests.swift */,
				6FE810911C0AA35300B1ABA8 /* Info.plist */,
			);
			path = StudyLoopUITests;
			sourceTree = "<group>";
		};
/* End PBXGroup section */

/* Begin PBXNativeTarget section */
		6FE810681C0AA35300B1ABA8 /* StudyLoop */ = {
			isa = PBXNativeTarget;
			buildConfigurationList = 6FE810941C0AA35300B1ABA8 /* Build configuration list for PBXNativeTarget "StudyLoop" */;
			buildPhases = (
				6FE810651C0AA35300B1ABA8 /* Sources */,
				6FE810661C0AA35300B1ABA8 /* Frameworks */,
				6FE810671C0AA35300B1ABA8 /* Resources */,
			);
			buildRules = (
			);
			dependencies = (
			);
			name = StudyLoop;
			productName = StudyLoop;
			productReference = 6FE810691C0AA35300B1ABA8 /* StudyLoop.app */;
			productType = "com.apple.product-type.application";
		};
		6FE8107F1C0AA35300B1ABA8 /* StudyLoopTests */ = {
			isa = PBXNativeTarget;
			buildConfigurationList = 6FE810971C0AA35300B1ABA8 /* Build configuration list for PBXNativeTarget "StudyLoopTests" */;
			buildPhases = (
				6FE8107C1C0AA35300B1ABA8 /* Sources */,
				6FE8107D1C0AA35300B1ABA8 /* Frameworks */,
				6FE8107E1C0AA35300B1ABA8 /* Resources */,
			);
			buildRules = (
			);
			dependencies = (
				6FE810821C0AA35300B1ABA8 /* PBXTargetDependency */,
			);
			name = StudyLoopTests;
			productName = StudyLoopTests;
			productReference = 6FE810801C0AA35300B1ABA8 /* StudyLoopTests.xctest */;
			productType = "com.apple.product-type.bundle.unit-test";
		};
		6FE8108A1C0AA35300B1ABA8 /* StudyLoopUITests */ = {
			isa = PBXNativeTarget;
			buildConfigurationList = 6FE8109A1C0AA35300B1ABA8 /* Build configuration list for PBXNativeTarget "StudyLoopUITests" */;
			buildPhases = (
				6FE810871C0AA35300B1ABA8 /* Sources */,
				6FE810881C0AA35300B1ABA8 /* Frameworks */,
				6FE810891C0AA35300B1ABA8 /* Resources */,
			);
			buildRules = (
			);
			dependencies = (
				6FE8108D1C0AA35300B1ABA8 /* PBXTargetDependency */,
			);
			name = StudyLoopUITests;
			productName = StudyLoopUITests;
			productReference = 6FE8108B1C0AA35300B1ABA8 /* StudyLoopUITests.xctest */;
			productType = "com.apple.product-type.bundle.ui-testing";
		};
/* End PBXNativeTarget section */

/* Begin PBXProject section */
		6FE810611C0AA35300B1ABA8 /* Project object */ = {
			isa = PBXProject;
			attributes = {
				LastSwiftUpdateCheck = 0710;
				LastUpgradeCheck = 0710;
				ORGANIZATIONNAME = StudyLoop;
				TargetAttributes = {
					6FE810681C0AA35300B1ABA8 = {
						CreatedOnToolsVersion = 7.1.1;
					};
					6FE8107F1C0AA35300B1ABA8 = {
						CreatedOnToolsVersion = 7.1.1;
						TestTargetID = 6FE810681C0AA35300B1ABA8;
					};
					6FE8108A1C0AA35300B1ABA8 = {
						CreatedOnToolsVersion = 7.1.1;
						TestTargetID = 6FE810681C0AA35300B1ABA8;
					};
				};
			};
			buildConfigurationList = 6FE810641C0AA35300B1ABA8 /* Build configuration list for PBXProject "StudyLoop" */;
			compatibilityVersion = "Xcode 3.2";
			developmentRegion = English;
			hasScannedForEncodings = 0;
			knownRegions = (
				en,
				Base,
			);
			mainGroup = 6FE810601C0AA35300B1ABA8;
			productRefGroup = 6FE8106A1C0AA35300B1ABA8 /* Products */;
			projectDirPath = "";
			projectRoot = "";
			targets = (
				6FE810681C0AA35300B1ABA8 /* StudyLoop */,
				6FE8107F1C0AA35300B1ABA8 /* StudyLoopTests */,
				6FE8108A1C0AA35300B1ABA8 /* StudyLoopUITests */,
			);
		};
/* End PBXProject section */

/* Begin PBXResourcesBuildPhase section */
		6FE810671C0AA35300B1ABA8 /* Resources */ = {
			isa = PBXResourcesBuildPhase;
			buildActionMask = 2147483647;
			files = (
				6FE8107A1C0AA35300B1ABA8 /* LaunchScreen.storyboard in Resources */,
				6FE810771C0AA35300B1ABA8 /* Assets.xcassets in Resources */,
				6FE810721C0AA35300B1ABA8 /* Main.storyboard in Resources */,
			);
			runOnlyForDeploymentPostprocessing = 0;
		};
		6FE8107E1C0AA35300B1ABA8 /* Resources */ = {
			isa = PBXResourcesBuildPhase;
			buildActionMask = 2147483647;
			files = (
			);
			runOnlyForDeploymentPostprocessing = 0;
		};
		6FE810891C0AA35300B1ABA8 /* Resources */ = {
			isa = PBXResourcesBuildPhase;
			buildActionMask = 2147483647;
			files = (
			);
			runOnlyForDeploymentPostprocessing = 0;
		};
/* End PBXResourcesBuildPhase section */

/* Begin PBXSourcesBuildPhase section */
		6FE810651C0AA35300B1ABA8 /* Sources */ = {
			isa = PBXSourcesBuildPhase;
			buildActionMask = 2147483647;
			files = (
				6FE8106F1C0AA35300B1ABA8 /* ViewController.swift in Sources */,
				6FE8106D1C0AA35300B1ABA8 /* AppDelegate.swift in Sources */,
				6FE810751C0AA35300B1ABA8 /* StudyLoop.xcdatamodeld in Sources */,
			);
			runOnlyForDeploymentPostprocessing = 0;
		};
		6FE8107C1C0AA35300B1ABA8 /* Sources */ = {
			isa = PBXSourcesBuildPhase;
			buildActionMask = 2147483647;
			files = (
				6FE810851C0AA35300B1ABA8 /* StudyLoopTests.swift in Sources */,
			);
			runOnlyForDeploymentPostprocessing = 0;
		};
		6FE810871C0AA35300B1ABA8 /* Sources */ = {
			isa = PBXSourcesBuildPhase;
			buildActionMask = 2147483647;
			files = (
				6FE810901C0AA35300B1ABA8 /* StudyLoopUITests.swift in Sources */,
			);
			runOnlyForDeploymentPostprocessing = 0;
		};
/* End PBXSourcesBuildPhase section */

/* Begin PBXTargetDependency section */
		6FE810821C0AA35300B1ABA8 /* PBXTargetDependency */ = {
			isa = PBXTargetDependency;
			target = 6FE810681C0AA35300B1ABA8 /* StudyLoop */;
			targetProxy = 6FE810811C0AA35300B1ABA8 /* PBXContainerItemProxy */;
		};
		6FE8108D1C0AA35300B1ABA8 /* PBXTargetDependency */ = {
			isa = PBXTargetDependency;
			target = 6FE810681C0AA35300B1ABA8 /* StudyLoop */;
			targetProxy = 6FE8108C1C0AA35300B1ABA8 /* PBXContainerItemProxy */;
		};
/* End PBXTargetDependency section */

/* Begin PBXVariantGroup section */
		6FE810701C0AA35300B1ABA8 /* Main.storyboard */ = {
			isa = PBXVariantGroup;
			children = (
				6FE810711C0AA35300B1ABA8 /* Base */,
			);
			name = Main.storyboard;
			sourceTree = "<group>";
		};
		6FE810781C0AA35300B1ABA8 /* LaunchScreen.storyboard */ = {
			isa = PBXVariantGroup;
			children = (
				6FE810791C0AA35300B1ABA8 /* Base */,
			);
			name = LaunchScreen.storyboard;
			sourceTree = "<group>";
		};
/* End PBXVariantGroup section */

/* Begin XCBuildConfiguration section */
		6FE810921C0AA35300B1ABA8 /* Debug */ = {
			isa = XCBuildConfiguration;
			buildSettings = {
				ALWAYS_SEARCH_USER_PATHS = NO;
				CLANG_CXX_LANGUAGE_STANDARD = "gnu++0x";
				CLANG_CXX_LIBRARY = "libc++";
				CLANG_ENABLE_MODULES = YES;
				CLANG_ENABLE_OBJC_ARC = YES;
				CLANG_WARN_BOOL_CONVERSION = YES;
				CLANG_WARN_CONSTANT_CONVERSION = YES;
				CLANG_WARN_DIRECT_OBJC_ISA_USAGE = YES_ERROR;
				CLANG_WARN_EMPTY_BODY = YES;
				CLANG_WARN_ENUM_CONVERSION = YES;
				CLANG_WARN_INT_CONVERSION = YES;
				CLANG_WARN_OBJC_ROOT_CLASS = YES_ERROR;
				CLANG_WARN_UNREACHABLE_CODE = YES;
				CLANG_WARN__DUPLICATE_METHOD_MATCH = YES;
				"CODE_SIGN_IDENTITY[sdk=iphoneos*]" = "iPhone Developer";
				COPY_PHASE_STRIP = NO;
				DEBUG_INFORMATION_FORMAT = dwarf;
				ENABLE_STRICT_OBJC_MSGSEND = YES;
				ENABLE_TESTABILITY = YES;
				GCC_C_LANGUAGE_STANDARD = gnu99;
				GCC_DYNAMIC_NO_PIC = NO;
				GCC_NO_COMMON_BLOCKS = YES;
				GCC_OPTIMIZATION_LEVEL = 0;
				GCC_PREPROCESSOR_DEFINITIONS = (
					"DEBUG=1",
					"$(inherited)",
				);
				GCC_WARN_64_TO_32_BIT_CONVERSION = YES;
				GCC_WARN_ABOUT_RETURN_TYPE = YES_ERROR;
				GCC_WARN_UNDECLARED_SELECTOR = YES;
				GCC_WARN_UNINITIALIZED_AUTOS = YES_AGGRESSIVE;
				GCC_WARN_UNUSED_FUNCTION = YES;
				GCC_WARN_UNUSED_VARIABLE = YES;
				IPHONEOS_DEPLOYMENT_TARGET = 9.1;
				MTL_ENABLE_DEBUG_INFO = YES;
				ONLY_ACTIVE_ARCH = YES;
				SDKROOT = iphoneos;
				SWIFT_OPTIMIZATION_LEVEL = "-Onone";
			};
			name = Debug;
		};
		6FE810931C0AA35300B1ABA8 /* Release */ = {
			isa = XCBuildConfiguration;
			buildSettings = {
				ALWAYS_SEARCH_USER_PATHS = NO;
				CLANG_CXX_LANGUAGE_STANDARD = "gnu++0x";
				CLANG_CXX_LIBRARY = "libc++";
				CLANG_ENABLE_MODULES = YES;
				CLANG_ENABLE_OBJC_ARC = YES;
				CLANG_WARN_BOOL_CONVERSION = YES;
				CLANG_WARN_CONSTANT_CONVERSION = YES;
				CLANG_WARN_DIRECT_OBJC_ISA_USAGE = YES_ERROR;
				CLANG_WARN_EMPTY_BODY = YES;
				CLANG_WARN_ENUM_CONVERSION = YES;
				CLANG_WARN_INT_CONVERSION = YES;
				CLANG_WARN_OBJC_ROOT_CLASS = YES_ERROR;
				CLANG_WARN_UNREACHABLE_CODE = YES;
				CLANG_WARN__DUPLICATE_METHOD_MATCH = YES;
				"CODE_SIGN_IDENTITY[sdk=iphoneos*]" = "iPhone Developer";
				COPY_PHASE_STRIP = NO;
				DEBUG_INFORMATION_FORMAT = "dwarf-with-dsym";
				ENABLE_NS_ASSERTIONS = NO;
				ENABLE_STRICT_OBJC_MSGSEND = YES;
				GCC_C_LANGUAGE_STANDARD = gnu99;
				GCC_NO_COMMON_BLOCKS = YES;
				GCC_WARN_64_TO_32_BIT_CONVERSION = YES;
				GCC_WARN_ABOUT_RETURN_TYPE = YES_ERROR;
				GCC_WARN_UNDECLARED_SELECTOR = YES;
				GCC_WARN_UNINITIALIZED_AUTOS = YES_AGGRESSIVE;
				GCC_WARN_UNUSED_FUNCTION = YES;
				GCC_WARN_UNUSED_VARIABLE = YES;
				IPHONEOS_DEPLOYMENT_TARGET = 9.1;
				MTL_ENABLE_DEBUG_INFO = NO;
				SDKROOT = iphoneos;
				VALIDATE_PRODUCT = YES;
			};
			name = Release;
		};
		6FE810951C0AA35300B1ABA8 /* Debug */ = {
			isa = XCBuildConfiguration;
			buildSettings = {
				ASSETCATALOG_COMPILER_APPICON_NAME = AppIcon;
				INFOPLIST_FILE = StudyLoop/Info.plist;
				LD_RUNPATH_SEARCH_PATHS = "$(inherited) @executable_path/Frameworks";
				PRODUCT_BUNDLE_IDENTIFIER = com.studyloop.StudyLoop;
				PRODUCT_NAME = "$(TARGET_NAME)";
			};
			name = Debug;
		};
		6FE810961C0AA35300B1ABA8 /* Release */ = {
			isa = XCBuildConfiguration;
			buildSettings = {
				ASSETCATALOG_COMPILER_APPICON_NAME = AppIcon;
				INFOPLIST_FILE = StudyLoop/Info.plist;
				LD_RUNPATH_SEARCH_PATHS = "$(inherited) @executable_path/Frameworks";
				PRODUCT_BUNDLE_IDENTIFIER = com.studyloop.StudyLoop;
				PRODUCT_NAME = "$(TARGET_NAME)";
			};
			name = Release;
		};
		6FE810981C0AA35300B1ABA8 /* Debug */ = {
			isa = XCBuildConfiguration;
			buildSettings = {
				BUNDLE_LOADER = "$(TEST_HOST)";
				INFOPLIST_FILE = StudyLoopTests/Info.plist;
				LD_RUNPATH_SEARCH_PATHS = "$(inherited) @executable_path/Frameworks @loader_path/Frameworks";
				PRODUCT_BUNDLE_IDENTIFIER = com.studyloop.StudyLoopTests;
				PRODUCT_NAME = "$(TARGET_NAME)";
				TEST_HOST = "$(BUILT_PRODUCTS_DIR)/StudyLoop.app/StudyLoop";
			};
			name = Debug;
		};
		6FE810991C0AA35300B1ABA8 /* Release */ = {
			isa = XCBuildConfiguration;
			buildSettings = {
				BUNDLE_LOADER = "$(TEST_HOST)";
				INFOPLIST_FILE = StudyLoopTests/Info.plist;
				LD_RUNPATH_SEARCH_PATHS = "$(inherited) @executable_path/Frameworks @loader_path/Frameworks";
				PRODUCT_BUNDLE_IDENTIFIER = com.studyloop.StudyLoopTests;
				PRODUCT_NAME = "$(TARGET_NAME)";
				TEST_HOST = "$(BUILT_PRODUCTS_DIR)/StudyLoop.app/StudyLoop";
			};
			name = Release;
		};
		6FE8109B1C0AA35300B1ABA8 /* Debug */ = {
			isa = XCBuildConfiguration;
			buildSettings = {
				INFOPLIST_FILE = StudyLoopUITests/Info.plist;
				LD_RUNPATH_SEARCH_PATHS = "$(inherited) @executable_path/Frameworks @loader_path/Frameworks";
				PRODUCT_BUNDLE_IDENTIFIER = com.studyloop.StudyLoopUITests;
				PRODUCT_NAME = "$(TARGET_NAME)";
				TEST_TARGET_NAME = StudyLoop;
				USES_XCTRUNNER = YES;
			};
			name = Debug;
		};
		6FE8109C1C0AA35300B1ABA8 /* Release */ = {
			isa = XCBuildConfiguration;
			buildSettings = {
				INFOPLIST_FILE = StudyLoopUITests/Info.plist;
				LD_RUNPATH_SEARCH_PATHS = "$(inherited) @executable_path/Frameworks @loader_path/Frameworks";
				PRODUCT_BUNDLE_IDENTIFIER = com.studyloop.StudyLoopUITests;
				PRODUCT_NAME = "$(TARGET_NAME)";
				TEST_TARGET_NAME = StudyLoop;
				USES_XCTRUNNER = YES;
			};
			name = Release;
		};
/* End XCBuildConfiguration section */

/* Begin XCConfigurationList section */
		6FE810641C0AA35300B1ABA8 /* Build configuration list for PBXProject "StudyLoop" */ = {
			isa = XCConfigurationList;
			buildConfigurations = (
				6FE810921C0AA35300B1ABA8 /* Debug */,
				6FE810931C0AA35300B1ABA8 /* Release */,
			);
			defaultConfigurationIsVisible = 0;
			defaultConfigurationName = Release;
		};
		6FE810941C0AA35300B1ABA8 /* Build configuration list for PBXNativeTarget "StudyLoop" */ = {
			isa = XCConfigurationList;
			buildConfigurations = (
				6FE810951C0AA35300B1ABA8 /* Debug */,
				6FE810961C0AA35300B1ABA8 /* Release */,
			);
			defaultConfigurationIsVisible = 0;
		};
		6FE810971C0AA35300B1ABA8 /* Build configuration list for PBXNativeTarget "StudyLoopTests" */ = {
			isa = XCConfigurationList;
			buildConfigurations = (
				6FE810981C0AA35300B1ABA8 /* Debug */,
				6FE810991C0AA35300B1ABA8 /* Release */,
			);
			defaultConfigurationIsVisible = 0;
		};
		6FE8109A1C0AA35300B1ABA8 /* Build configuration list for PBXNativeTarget "StudyLoopUITests" */ = {
			isa = XCConfigurationList;
			buildConfigurations = (
				6FE8109B1C0AA35300B1ABA8 /* Debug */,
				6FE8109C1C0AA35300B1ABA8 /* Release */,
			);
			defaultConfigurationIsVisible = 0;
		};
/* End XCConfigurationList section */

/* Begin XCVersionGroup section */
		6FE810731C0AA35300B1ABA8 /* StudyLoop.xcdatamodeld */ = {
			isa = XCVersionGroup;
			children = (
				6FE810741C0AA35300B1ABA8 /* StudyLoop.xcdatamodel */,
			);
			currentVersion = 6FE810741C0AA35300B1ABA8 /* StudyLoop.xcdatamodel */;
			path = StudyLoop.xcdatamodeld;
			sourceTree = "<group>";
			versionGroupType = wrapper.xcdatamodel;
		};
/* End XCVersionGroup section */
	};
	rootObject = 6FE810611C0AA35300B1ABA8 /* Project object */;
}
